
Microsoft Visual Studio Solution File, Format Version 12.00
# Visual Studio Version 16
VisualStudioVersion = 16.0.31205.134
MinimumVisualStudioVersion = 10.0.40219.1
Project("{F184B08F-C81C-45F6-A57F-5ABD9991F28F}") = "DesktopApp", "DesktopApp\DesktopApp.vbproj", "{C16B9AC5-D457-4096-9F77-C2DAE04AA064}"
EndProject
Global
	GlobalSection(SolutionConfigurationPlatforms) = preSolution
		Debug|Any CPU = Debug|Any CPU
		Release|Any CPU = Release|Any CPU
	EndGlobalSection
	GlobalSection(ProjectConfigurationPlatforms) = postSolution
		{C16B9AC5-D457-4096-9F77-C2DAE04AA064}.Debug|Any CPU.ActiveCfg = Debug|Any CPU
		{C16B9AC5-D457-4096-9F77-C2DAE04AA064}.Debug|Any CPU.Build.0 = Debug|Any CPU
		{C16B9AC5-D457-4096-9F77-C2DAE04AA064}.Release|Any CPU.ActiveCfg = Release|Any CPU
		{C16B9AC5-D457-4096-9F77-C2DAE04AA064}.Release|Any CPU.Build.0 = Release|Any CPU
	EndGlobalSection
	GlobalSection(SolutionProperties) = preSolution
		HideSolutionNode = FALSE
	EndGlobalSection
	GlobalSection(ExtensibilityGlobals) = postSolution
		SolutionGuid = {E77056EC-802D-4FC4-B7DD-B020415FDFCF}
	EndGlobalSection
EndGlobal
